
Microsoft Visual Studio Solution File, Format Version 12.00
# Visual Studio Version 17
VisualStudioVersion = 17.1.32319.34
MinimumVisualStudioVersion = 10.0.40219.1
Project("{FAE04EC0-301F-11D3-BF4B-00C04F79EFBC}") = "DineTogather.API", "DineTogather.API\DineTogather.API.csproj", "{96A1BC54-27C3-46E3-A898-2C88913D55C2}"
EndProject
Project("{FAE04EC0-301F-11D3-BF4B-00C04F79EFBC}") = "DineTogather.Infrastructure", "DineTogather.Infrastructure\DineTogather.Infrastructure.csproj", "{DD31C285-F9F1-4C96-BF7A-589E538B8786}"
EndProject
Project("{FAE04EC0-301F-11D3-BF4B-00C04F79EFBC}") = "DineTogather.Application", "DineTogather.Application\DineTogather.Application.csproj", "{D5DF5351-DE1B-4B1E-AD81-55C69ACDB44B}"
EndProject
Project("{FAE04EC0-301F-11D3-BF4B-00C04F79EFBC}") = "DineTogather.Domain", "DineTogather.Domain\DineTogather.Domain.csproj", "{4A719C55-E1B5-41D1-ACF7-6E70CA2C93CD}"
EndProject
Project("{FAE04EC0-301F-11D3-BF4B-00C04F79EFBC}") = "DineTogather.Contracts", "DineTogather.Contracts\DineTogather.Contracts.csproj", "{CA9CF4B4-FACC-40F1-9644-C449CA63B678}"
EndProject
Global
	GlobalSection(SolutionConfigurationPlatforms) = preSolution
		Debug|Any CPU = Debug|Any CPU
		Release|Any CPU = Release|Any CPU
	EndGlobalSection
	GlobalSection(ProjectConfigurationPlatforms) = postSolution
		{96A1BC54-27C3-46E3-A898-2C88913D55C2}.Debug|Any CPU.ActiveCfg = Debug|Any CPU
		{96A1BC54-27C3-46E3-A898-2C88913D55C2}.Debug|Any CPU.Build.0 = Debug|Any CPU
		{96A1BC54-27C3-46E3-A898-2C88913D55C2}.Release|Any CPU.ActiveCfg = Release|Any CPU
		{96A1BC54-27C3-46E3-A898-2C88913D55C2}.Release|Any CPU.Build.0 = Release|Any CPU
		{DD31C285-F9F1-4C96-BF7A-589E538B8786}.Debug|Any CPU.ActiveCfg = Debug|Any CPU
		{DD31C285-F9F1-4C96-BF7A-589E538B8786}.Debug|Any CPU.Build.0 = Debug|Any CPU
		{DD31C285-F9F1-4C96-BF7A-589E538B8786}.Release|Any CPU.ActiveCfg = Release|Any CPU
		{DD31C285-F9F1-4C96-BF7A-589E538B8786}.Release|Any CPU.Build.0 = Release|Any CPU
		{D5DF5351-DE1B-4B1E-AD81-55C69ACDB44B}.Debug|Any CPU.ActiveCfg = Debug|Any CPU
		{D5DF5351-DE1B-4B1E-AD81-55C69ACDB44B}.Debug|Any CPU.Build.0 = Debug|Any CPU
		{D5DF5351-DE1B-4B1E-AD81-55C69ACDB44B}.Release|Any CPU.ActiveCfg = Release|Any CPU
		{D5DF5351-DE1B-4B1E-AD81-55C69ACDB44B}.Release|Any CPU.Build.0 = Release|Any CPU
		{4A719C55-E1B5-41D1-ACF7-6E70CA2C93CD}.Debug|Any CPU.ActiveCfg = Debug|Any CPU
		{4A719C55-E1B5-41D1-ACF7-6E70CA2C93CD}.Debug|Any CPU.Build.0 = Debug|Any CPU
		{4A719C55-E1B5-41D1-ACF7-6E70CA2C93CD}.Release|Any CPU.ActiveCfg = Release|Any CPU
		{4A719C55-E1B5-41D1-ACF7-6E70CA2C93CD}.Release|Any CPU.Build.0 = Release|Any CPU
		{CA9CF4B4-FACC-40F1-9644-C449CA63B678}.Debug|Any CPU.ActiveCfg = Debug|Any CPU
		{CA9CF4B4-FACC-40F1-9644-C449CA63B678}.Debug|Any CPU.Build.0 = Debug|Any CPU
		{CA9CF4B4-FACC-40F1-9644-C449CA63B678}.Release|Any CPU.ActiveCfg = Release|Any CPU
		{CA9CF4B4-FACC-40F1-9644-C449CA63B678}.Release|Any CPU.Build.0 = Release|Any CPU
	EndGlobalSection
	GlobalSection(SolutionProperties) = preSolution
		HideSolutionNode = FALSE
	EndGlobalSection
	GlobalSection(ExtensibilityGlobals) = postSolution
		SolutionGuid = {3507B613-634D-4518-8737-7907EF4DF57C}
	EndGlobalSection
EndGlobal
